// !$*UTF8*$!
{
	archiveVersion = 1;
	classes = {
	};
	objectVersion = 56;
	objects = {

/* Begin PBXBuildFile section */
		C81784612C88ABC500563705 /* RavelinCoreDemoSUIApp.swift in Sources */ = {isa = PBXBuildFile; fileRef = C81784602C88ABC500563705 /* RavelinCoreDemoSUIApp.swift */; };
		C81784632C88ABC500563705 /* ContentView.swift in Sources */ = {isa = PBXBuildFile; fileRef = C81784622C88ABC500563705 /* ContentView.swift */; };
		C81784652C88ABC600563705 /* Assets.xcassets in Resources */ = {isa = PBXBuildFile; fileRef = C81784642C88ABC600563705 /* Assets.xcassets */; };
		C81784692C88ABC600563705 /* Preview Assets.xcassets in Resources */ = {isa = PBXBuildFile; fileRef = C81784682C88ABC600563705 /* Preview Assets.xcassets */; };
		C81784712C88AC1100563705 /* RavelinCore in Frameworks */ = {isa = PBXBuildFile; productRef = C81784702C88AC1100563705 /* RavelinCore */; };
		C81784812C88AC3400563705 /* Bundle+version.swift in Sources */ = {isa = PBXBuildFile; fileRef = C81784732C88AC3400563705 /* Bundle+version.swift */; };
		C81784822C88AC3400563705 /* Logger+helper.swift in Sources */ = {isa = PBXBuildFile; fileRef = C81784742C88AC3400563705 /* Logger+helper.swift */; };
		C81784832C88AC3400563705 /* TrackingSet.swift in Sources */ = {isa = PBXBuildFile; fileRef = C81784752C88AC3400563705 /* TrackingSet.swift */; };
		C81784862C88AC3400563705 /* RavelinSDK+helper.swift in Sources */ = {isa = PBXBuildFile; fileRef = C81784792C88AC3400563705 /* RavelinSDK+helper.swift */; };
		C81784882C88AC3400563705 /* RavelinSDK+utils.swift in Sources */ = {isa = PBXBuildFile; fileRef = C817847B2C88AC3400563705 /* RavelinSDK+utils.swift */; };
/* End PBXBuildFile section */

/* Begin PBXFileReference section */
		C817845D2C88ABC500563705 /* RavelinCoreDemoSUI.app */ = {isa = PBXFileReference; explicitFileType = wrapper.application; includeInIndex = 0; path = RavelinCoreDemoSUI.app; sourceTree = BUILT_PRODUCTS_DIR; };
		C81784602C88ABC500563705 /* RavelinCoreDemoSUIApp.swift */ = {isa = PBXFileReference; lastKnownFileType = sourcecode.swift; path = RavelinCoreDemoSUIApp.swift; sourceTree = "<group>"; };
		C81784622C88ABC500563705 /* ContentView.swift */ = {isa = PBXFileReference; lastKnownFileType = sourcecode.swift; path = ContentView.swift; sourceTree = "<group>"; };
		C81784642C88ABC600563705 /* Assets.xcassets */ = {isa = PBXFileReference; lastKnownFileType = folder.assetcatalog; path = Assets.xcassets; sourceTree = "<group>"; };
		C81784662C88ABC600563705 /* RavelinCoreDemoSUI.entitlements */ = {isa = PBXFileReference; lastKnownFileType = text.plist.entitlements; path = RavelinCoreDemoSUI.entitlements; sourceTree = "<group>"; };
		C81784682C88ABC600563705 /* Preview Assets.xcassets */ = {isa = PBXFileReference; lastKnownFileType = folder.assetcatalog; path = "Preview Assets.xcassets"; sourceTree = "<group>"; };
		C81784732C88AC3400563705 /* Bundle+version.swift */ = {isa = PBXFileReference; fileEncoding = 4; lastKnownFileType = sourcecode.swift; path = "Bundle+version.swift"; sourceTree = "<group>"; };
		C81784742C88AC3400563705 /* Logger+helper.swift */ = {isa = PBXFileReference; fileEncoding = 4; lastKnownFileType = sourcecode.swift; path = "Logger+helper.swift"; sourceTree = "<group>"; };
		C81784752C88AC3400563705 /* TrackingSet.swift */ = {isa = PBXFileReference; fileEncoding = 4; lastKnownFileType = sourcecode.swift; path = TrackingSet.swift; sourceTree = "<group>"; };
		C81784792C88AC3400563705 /* RavelinSDK+helper.swift */ = {isa = PBXFileReference; fileEncoding = 4; lastKnownFileType = sourcecode.swift; path = "RavelinSDK+helper.swift"; sourceTree = "<group>"; };
		C817847B2C88AC3400563705 /* RavelinSDK+utils.swift */ = {isa = PBXFileReference; fileEncoding = 4; lastKnownFileType = sourcecode.swift; path = "RavelinSDK+utils.swift"; sourceTree = "<group>"; };
/* End PBXFileReference section */

/* Begin PBXFrameworksBuildPhase section */
		C817845A2C88ABC500563705 /* Frameworks */ = {
			isa = PBXFrameworksBuildPhase;
			buildActionMask = 2147483647;
			files = (
				C81784712C88AC1100563705 /* RavelinCore in Frameworks */,
			);
			runOnlyForDeploymentPostprocessing = 0;
		};
/* End PBXFrameworksBuildPhase section */

/* Begin PBXGroup section */
		C81784542C88ABC500563705 = {
			isa = PBXGroup;
			children = (
				C817845F2C88ABC500563705 /* RavelinCoreDemoSUI */,
				C817845E2C88ABC500563705 /* Products */,
			);
			sourceTree = "<group>";
		};
		C817845E2C88ABC500563705 /* Products */ = {
			isa = PBXGroup;
			children = (
				C817845D2C88ABC500563705 /* RavelinCoreDemoSUI.app */,
			);
			name = Products;
			sourceTree = "<group>";
		};
		C817845F2C88ABC500563705 /* RavelinCoreDemoSUI */ = {
			isa = PBXGroup;
			children = (
				C81784602C88ABC500563705 /* RavelinCoreDemoSUIApp.swift */,
				C81784622C88ABC500563705 /* ContentView.swift */,
				C817847F2C88AC3400563705 /* Shared */,
				C81784642C88ABC600563705 /* Assets.xcassets */,
				C81784662C88ABC600563705 /* RavelinCoreDemoSUI.entitlements */,
				C81784672C88ABC600563705 /* Preview Content */,
			);
			path = RavelinCoreDemoSUI;
			sourceTree = "<group>";
		};
		C81784672C88ABC600563705 /* Preview Content */ = {
			isa = PBXGroup;
			children = (
				C81784682C88ABC600563705 /* Preview Assets.xcassets */,
			);
			path = "Preview Content";
			sourceTree = "<group>";
		};
		C81784772C88AC3400563705 /* Utility */ = {
			isa = PBXGroup;
			children = (
				C81784732C88AC3400563705 /* Bundle+version.swift */,
				C81784742C88AC3400563705 /* Logger+helper.swift */,
				C81784752C88AC3400563705 /* TrackingSet.swift */,
			);
			path = Utility;
			sourceTree = "<group>";
		};
		C817847F2C88AC3400563705 /* Shared */ = {
			isa = PBXGroup;
			children = (
				C81784772C88AC3400563705 /* Utility */,
				C81784792C88AC3400563705 /* RavelinSDK+helper.swift */,
				C817847B2C88AC3400563705 /* RavelinSDK+utils.swift */,
			);
			name = Shared;
			path = ../../Shared;
			sourceTree = "<group>";
		};
/* End PBXGroup section */

/* Begin PBXNativeTarget section */
		C817845C2C88ABC500563705 /* RavelinCoreDemoSUI */ = {
			isa = PBXNativeTarget;
			buildConfigurationList = C817846C2C88ABC600563705 /* Build configuration list for PBXNativeTarget "RavelinCoreDemoSUI" */;
			buildPhases = (
				C81784592C88ABC500563705 /* Sources */,
				C817845A2C88ABC500563705 /* Frameworks */,
				C817845B2C88ABC500563705 /* Resources */,
			);
			buildRules = (
			);
			dependencies = (
			);
			name = RavelinCoreDemoSUI;
			packageProductDependencies = (
				C81784702C88AC1100563705 /* RavelinCore */,
			);
			productName = RavelinCoreDemoSUI;
			productReference = C817845D2C88ABC500563705 /* RavelinCoreDemoSUI.app */;
			productType = "com.apple.product-type.application";
		};
/* End PBXNativeTarget section */

/* Begin PBXProject section */
		C81784552C88ABC500563705 /* Project object */ = {
			isa = PBXProject;
			attributes = {
				BuildIndependentTargetsInParallel = 1;
				LastSwiftUpdateCheck = 1540;
				LastUpgradeCheck = 1540;
				TargetAttributes = {
					C817845C2C88ABC500563705 = {
						CreatedOnToolsVersion = 15.4;
					};
				};
			};
			buildConfigurationList = C81784582C88ABC500563705 /* Build configuration list for PBXProject "RavelinCoreDemoSUI" */;
			compatibilityVersion = "Xcode 14.0";
			developmentRegion = en;
			hasScannedForEncodings = 0;
			knownRegions = (
				en,
				Base,
			);
			mainGroup = C81784542C88ABC500563705;
			packageReferences = (
				C817846F2C88AC1100563705 /* XCRemoteSwiftPackageReference "ravelin-core-ios-xcframework-distribution" */,
			);
			productRefGroup = C817845E2C88ABC500563705 /* Products */;
			projectDirPath = "";
			projectRoot = "";
			targets = (
				C817845C2C88ABC500563705 /* RavelinCoreDemoSUI */,
			);
		};
/* End PBXProject section */

/* Begin PBXResourcesBuildPhase section */
		C817845B2C88ABC500563705 /* Resources */ = {
			isa = PBXResourcesBuildPhase;
			buildActionMask = 2147483647;
			files = (
				C81784692C88ABC600563705 /* Preview Assets.xcassets in Resources */,
				C81784652C88ABC600563705 /* Assets.xcassets in Resources */,
			);
			runOnlyForDeploymentPostprocessing = 0;
		};
/* End PBXResourcesBuildPhase section */

/* Begin PBXSourcesBuildPhase section */
		C81784592C88ABC500563705 /* Sources */ = {
			isa = PBXSourcesBuildPhase;
			buildActionMask = 2147483647;
			files = (
				C81784862C88AC3400563705 /* RavelinSDK+helper.swift in Sources */,
				C81784632C88ABC500563705 /* ContentView.swift in Sources */,
				C81784822C88AC3400563705 /* Logger+helper.swift in Sources */,
				C81784832C88AC3400563705 /* TrackingSet.swift in Sources */,
				C81784812C88AC3400563705 /* Bundle+version.swift in Sources */,
				C81784612C88ABC500563705 /* RavelinCoreDemoSUIApp.swift in Sources */,
				C81784882C88AC3400563705 /* RavelinSDK+utils.swift in Sources */,
			);
			runOnlyForDeploymentPostprocessing = 0;
		};
/* End PBXSourcesBuildPhase section */

/* Begin XCBuildConfiguration section */
		C817846A2C88ABC600563705 /* Debug */ = {
			isa = XCBuildConfiguration;
			buildSettings = {
				ALWAYS_SEARCH_USER_PATHS = NO;
				ASSETCATALOG_COMPILER_GENERATE_SWIFT_ASSET_SYMBOL_EXTENSIONS = YES;
				CLANG_ANALYZER_NONNULL = YES;
				CLANG_ANALYZER_NUMBER_OBJECT_CONVERSION = YES_AGGRESSIVE;
				CLANG_CXX_LANGUAGE_STANDARD = "gnu++20";
				CLANG_ENABLE_MODULES = YES;
				CLANG_ENABLE_OBJC_ARC = YES;
				CLANG_ENABLE_OBJC_WEAK = YES;
				CLANG_WARN_BLOCK_CAPTURE_AUTORELEASING = YES;
				CLANG_WARN_BOOL_CONVERSION = YES;
				CLANG_WARN_COMMA = YES;
				CLANG_WARN_CONSTANT_CONVERSION = YES;
				CLANG_WARN_DEPRECATED_OBJC_IMPLEMENTATIONS = YES;
				CLANG_WARN_DIRECT_OBJC_ISA_USAGE = YES_ERROR;
				CLANG_WARN_DOCUMENTATION_COMMENTS = YES;
				CLANG_WARN_EMPTY_BODY = YES;
				CLANG_WARN_ENUM_CONVERSION = YES;
				CLANG_WARN_INFINITE_RECURSION = YES;
				CLANG_WARN_INT_CONVERSION = YES;
				CLANG_WARN_NON_LITERAL_NULL_CONVERSION = YES;
				CLANG_WARN_OBJC_IMPLICIT_RETAIN_SELF = YES;
				CLANG_WARN_OBJC_LITERAL_CONVERSION = YES;
				CLANG_WARN_OBJC_ROOT_CLASS = YES_ERROR;
				CLANG_WARN_QUOTED_INCLUDE_IN_FRAMEWORK_HEADER = YES;
				CLANG_WARN_RANGE_LOOP_ANALYSIS = YES;
				CLANG_WARN_STRICT_PROTOTYPES = YES;
				CLANG_WARN_SUSPICIOUS_MOVE = YES;
				CLANG_WARN_UNGUARDED_AVAILABILITY = YES_AGGRESSIVE;
				CLANG_WARN_UNREACHABLE_CODE = YES;
				CLANG_WARN__DUPLICATE_METHOD_MATCH = YES;
				COPY_PHASE_STRIP = NO;
				DEBUG_INFORMATION_FORMAT = dwarf;
				ENABLE_STRICT_OBJC_MSGSEND = YES;
				ENABLE_TESTABILITY = YES;
				ENABLE_USER_SCRIPT_SANDBOXING = YES;
				GCC_C_LANGUAGE_STANDARD = gnu17;
				GCC_DYNAMIC_NO_PIC = NO;
				GCC_NO_COMMON_BLOCKS = YES;
				GCC_OPTIMIZATION_LEVEL = 0;
				GCC_PREPROCESSOR_DEFINITIONS = (
					"DEBUG=1",
					"$(inherited)",
				);
				GCC_WARN_64_TO_32_BIT_CONVERSION = YES;
				GCC_WARN_ABOUT_RETURN_TYPE = YES_ERROR;
				GCC_WARN_UNDECLARED_SELECTOR = YES;
				GCC_WARN_UNINITIALIZED_AUTOS = YES_AGGRESSIVE;
				GCC_WARN_UNUSED_FUNCTION = YES;
				GCC_WARN_UNUSED_VARIABLE = YES;
				LOCALIZATION_PREFERS_STRING_CATALOGS = YES;
				MTL_ENABLE_DEBUG_INFO = INCLUDE_SOURCE;
				MTL_FAST_MATH = YES;
				ONLY_ACTIVE_ARCH = YES;
				SWIFT_ACTIVE_COMPILATION_CONDITIONS = "DEBUG $(inherited)";
				SWIFT_OPTIMIZATION_LEVEL = "-Onone";
			};
			name = Debug;
		};
		C817846B2C88ABC600563705 /* Release */ = {
			isa = XCBuildConfiguration;
			buildSettings = {
				ALWAYS_SEARCH_USER_PATHS = NO;
				ASSETCATALOG_COMPILER_GENERATE_SWIFT_ASSET_SYMBOL_EXTENSIONS = YES;
				CLANG_ANALYZER_NONNULL = YES;
				CLANG_ANALYZER_NUMBER_OBJECT_CONVERSION = YES_AGGRESSIVE;
				CLANG_CXX_LANGUAGE_STANDARD = "gnu++20";
				CLANG_ENABLE_MODULES = YES;
				CLANG_ENABLE_OBJC_ARC = YES;
				CLANG_ENABLE_OBJC_WEAK = YES;
				CLANG_WARN_BLOCK_CAPTURE_AUTORELEASING = YES;
				CLANG_WARN_BOOL_CONVERSION = YES;
				CLANG_WARN_COMMA = YES;
				CLANG_WARN_CONSTANT_CONVERSION = YES;
				CLANG_WARN_DEPRECATED_OBJC_IMPLEMENTATIONS = YES;
				CLANG_WARN_DIRECT_OBJC_ISA_USAGE = YES_ERROR;
				CLANG_WARN_DOCUMENTATION_COMMENTS = YES;
				CLANG_WARN_EMPTY_BODY = YES;
				CLANG_WARN_ENUM_CONVERSION = YES;
				CLANG_WARN_INFINITE_RECURSION = YES;
				CLANG_WARN_INT_CONVERSION = YES;
				CLANG_WARN_NON_LITERAL_NULL_CONVERSION = YES;
				CLANG_WARN_OBJC_IMPLICIT_RETAIN_SELF = YES;
				CLANG_WARN_OBJC_LITERAL_CONVERSION = YES;
				CLANG_WARN_OBJC_ROOT_CLASS = YES_ERROR;
				CLANG_WARN_QUOTED_INCLUDE_IN_FRAMEWORK_HEADER = YES;
				CLANG_WARN_RANGE_LOOP_ANALYSIS = YES;
				CLANG_WARN_STRICT_PROTOTYPES = YES;
				CLANG_WARN_SUSPICIOUS_MOVE = YES;
				CLANG_WARN_UNGUARDED_AVAILABILITY = YES_AGGRESSIVE;
				CLANG_WARN_UNREACHABLE_CODE = YES;
				CLANG_WARN__DUPLICATE_METHOD_MATCH = YES;
				COPY_PHASE_STRIP = NO;
				DEBUG_INFORMATION_FORMAT = "dwarf-with-dsym";
				ENABLE_NS_ASSERTIONS = NO;
				ENABLE_STRICT_OBJC_MSGSEND = YES;
				ENABLE_USER_SCRIPT_SANDBOXING = YES;
				GCC_C_LANGUAGE_STANDARD = gnu17;
				GCC_NO_COMMON_BLOCKS = YES;
				GCC_WARN_64_TO_32_BIT_CONVERSION = YES;
				GCC_WARN_ABOUT_RETURN_TYPE = YES_ERROR;
				GCC_WARN_UNDECLARED_SELECTOR = YES;
				GCC_WARN_UNINITIALIZED_AUTOS = YES_AGGRESSIVE;
				GCC_WARN_UNUSED_FUNCTION = YES;
				GCC_WARN_UNUSED_VARIABLE = YES;
				LOCALIZATION_PREFERS_STRING_CATALOGS = YES;
				MTL_ENABLE_DEBUG_INFO = NO;
				MTL_FAST_MATH = YES;
				SWIFT_COMPILATION_MODE = wholemodule;
			};
			name = Release;
		};
		C817846D2C88ABC600563705 /* Debug */ = {
			isa = XCBuildConfiguration;
			buildSettings = {
				ASSETCATALOG_COMPILER_APPICON_NAME = AppIcon;
				ASSETCATALOG_COMPILER_GLOBAL_ACCENT_COLOR_NAME = AccentColor;
				CODE_SIGN_ENTITLEMENTS = RavelinCoreDemoSUI/RavelinCoreDemoSUI.entitlements;
				CODE_SIGN_STYLE = Automatic;
				CURRENT_PROJECT_VERSION = 1;
				DEVELOPMENT_ASSET_PATHS = "\"RavelinCoreDemoSUI/Preview Content\"";
				DEVELOPMENT_TEAM = 8SLW46D7RN;
				ENABLE_HARDENED_RUNTIME = YES;
				ENABLE_PREVIEWS = YES;
				GENERATE_INFOPLIST_FILE = YES;
				"INFOPLIST_KEY_UIApplicationSceneManifest_Generation[sdk=iphoneos*]" = YES;
				"INFOPLIST_KEY_UIApplicationSceneManifest_Generation[sdk=iphonesimulator*]" = YES;
				"INFOPLIST_KEY_UIApplicationSupportsIndirectInputEvents[sdk=iphoneos*]" = YES;
				"INFOPLIST_KEY_UIApplicationSupportsIndirectInputEvents[sdk=iphonesimulator*]" = YES;
				"INFOPLIST_KEY_UILaunchScreen_Generation[sdk=iphoneos*]" = YES;
				"INFOPLIST_KEY_UILaunchScreen_Generation[sdk=iphonesimulator*]" = YES;
				"INFOPLIST_KEY_UIStatusBarStyle[sdk=iphoneos*]" = UIStatusBarStyleDefault;
				"INFOPLIST_KEY_UIStatusBarStyle[sdk=iphonesimulator*]" = UIStatusBarStyleDefault;
				INFOPLIST_KEY_UISupportedInterfaceOrientations_iPad = "UIInterfaceOrientationPortrait UIInterfaceOrientationPortraitUpsideDown UIInterfaceOrientationLandscapeLeft UIInterfaceOrientationLandscapeRight";
				INFOPLIST_KEY_UISupportedInterfaceOrientations_iPhone = "UIInterfaceOrientationPortrait UIInterfaceOrientationLandscapeLeft UIInterfaceOrientationLandscapeRight";
				IPHONEOS_DEPLOYMENT_TARGET = 15.0;
				LD_RUNPATH_SEARCH_PATHS = "@executable_path/Frameworks";
				"LD_RUNPATH_SEARCH_PATHS[sdk=macosx*]" = "@executable_path/../Frameworks";
				MACOSX_DEPLOYMENT_TARGET = 13.0;
				MARKETING_VERSION = 1.0;
				PRODUCT_BUNDLE_IDENTIFIER = com.ravelin.RavelinCoreDemoSUI;
				PRODUCT_NAME = "$(TARGET_NAME)";
				SDKROOT = auto;
				SUPPORTED_PLATFORMS = "iphoneos iphonesimulator macosx";
				SWIFT_EMIT_LOC_STRINGS = YES;
				SWIFT_VERSION = 5.0;
				TARGETED_DEVICE_FAMILY = "1,2";
			};
			name = Debug;
		};
		C817846E2C88ABC600563705 /* Release */ = {
			isa = XCBuildConfiguration;
			buildSettings = {
				ASSETCATALOG_COMPILER_APPICON_NAME = AppIcon;
				ASSETCATALOG_COMPILER_GLOBAL_ACCENT_COLOR_NAME = AccentColor;
				CODE_SIGN_ENTITLEMENTS = RavelinCoreDemoSUI/RavelinCoreDemoSUI.entitlements;
				CODE_SIGN_STYLE = Automatic;
				CURRENT_PROJECT_VERSION = 1;
				DEVELOPMENT_ASSET_PATHS = "\"RavelinCoreDemoSUI/Preview Content\"";
				DEVELOPMENT_TEAM = 8SLW46D7RN;
				ENABLE_HARDENED_RUNTIME = YES;
				ENABLE_PREVIEWS = YES;
				GENERATE_INFOPLIST_FILE = YES;
				"INFOPLIST_KEY_UIApplicationSceneManifest_Generation[sdk=iphoneos*]" = YES;
				"INFOPLIST_KEY_UIApplicationSceneManifest_Generation[sdk=iphonesimulator*]" = YES;
				"INFOPLIST_KEY_UIApplicationSupportsIndirectInputEvents[sdk=iphoneos*]" = YES;
				"INFOPLIST_KEY_UIApplicationSupportsIndirectInputEvents[sdk=iphonesimulator*]" = YES;
				"INFOPLIST_KEY_UILaunchScreen_Generation[sdk=iphoneos*]" = YES;
				"INFOPLIST_KEY_UILaunchScreen_Generation[sdk=iphonesimulator*]" = YES;
				"INFOPLIST_KEY_UIStatusBarStyle[sdk=iphoneos*]" = UIStatusBarStyleDefault;
				"INFOPLIST_KEY_UIStatusBarStyle[sdk=iphonesimulator*]" = UIStatusBarStyleDefault;
				INFOPLIST_KEY_UISupportedInterfaceOrientations_iPad = "UIInterfaceOrientationPortrait UIInterfaceOrientationPortraitUpsideDown UIInterfaceOrientationLandscapeLeft UIInterfaceOrientationLandscapeRight";
				INFOPLIST_KEY_UISupportedInterfaceOrientations_iPhone = "UIInterfaceOrientationPortrait UIInterfaceOrientationLandscapeLeft UIInterfaceOrientationLandscapeRight";
				IPHONEOS_DEPLOYMENT_TARGET = 15.0;
				LD_RUNPATH_SEARCH_PATHS = "@executable_path/Frameworks";
				"LD_RUNPATH_SEARCH_PATHS[sdk=macosx*]" = "@executable_path/../Frameworks";
				MACOSX_DEPLOYMENT_TARGET = 13.0;
				MARKETING_VERSION = 1.0;
				PRODUCT_BUNDLE_IDENTIFIER = com.ravelin.RavelinCoreDemoSUI;
				PRODUCT_NAME = "$(TARGET_NAME)";
				SDKROOT = auto;
				SUPPORTED_PLATFORMS = "iphoneos iphonesimulator macosx";
				SWIFT_EMIT_LOC_STRINGS = YES;
				SWIFT_VERSION = 5.0;
				TARGETED_DEVICE_FAMILY = "1,2";
			};
			name = Release;
		};
/* End XCBuildConfiguration section */

/* Begin XCConfigurationList section */
		C81784582C88ABC500563705 /* Build configuration list for PBXProject "RavelinCoreDemoSUI" */ = {
			isa = XCConfigurationList;
			buildConfigurations = (
				C817846A2C88ABC600563705 /* Debug */,
				C817846B2C88ABC600563705 /* Release */,
			);
			defaultConfigurationIsVisible = 0;
			defaultConfigurationName = Release;
		};
		C817846C2C88ABC600563705 /* Build configuration list for PBXNativeTarget "RavelinCoreDemoSUI" */ = {
			isa = XCConfigurationList;
			buildConfigurations = (
				C817846D2C88ABC600563705 /* Debug */,
				C817846E2C88ABC600563705 /* Release */,
			);
			defaultConfigurationIsVisible = 0;
			defaultConfigurationName = Release;
		};
/* End XCConfigurationList section */

/* Begin XCRemoteSwiftPackageReference section */
		C817846F2C88AC1100563705 /* XCRemoteSwiftPackageReference "ravelin-core-ios-xcframework-distribution" */ = {
			isa = XCRemoteSwiftPackageReference;
			repositoryURL = "https://github.com/unravelin/ravelin-core-ios-xcframework-distribution";
			requirement = {
				kind = upToNextMajorVersion;
				minimumVersion = 2.0.0;
			};
		};
/* End XCRemoteSwiftPackageReference section */

/* Begin XCSwiftPackageProductDependency section */
		C81784702C88AC1100563705 /* RavelinCore */ = {
			isa = XCSwiftPackageProductDependency;
			package = C817846F2C88AC1100563705 /* XCRemoteSwiftPackageReference "ravelin-core-ios-xcframework-distribution" */;
			productName = RavelinCore;
		};
/* End XCSwiftPackageProductDependency section */
	};
	rootObject = C81784552C88ABC500563705 /* Project object */;
}
