{
  "originHash" : "2ced8668abe651a37edb98cc08d6926d03452652b0871df7e03c2b6a8d354e62",
  "pins" : [
    {
      "identity" : "ravelin-core-ios-xcframework-distribution",
      "kind" : "remoteSourceControl",
      "location" : "https://github.com/unravelin/ravelin-core-ios-xcframework-distribution",
      "state" : {
        "revision" : "76d420315dbc4f030e1971c1869fd9d0f20d2448",
        "version" : "2.0.0"
      }
    }
  ],
  "version" : 3
}
